
Microsoft Visual Studio Solution File, Format Version 12.00
# Visual Studio Version 17
VisualStudioVersion = 17.6.33829.357
MinimumVisualStudioVersion = 10.0.40219.1
Project("{FAE04EC0-301F-11D3-BF4B-00C04F79EFBC}") = "Contact-Manager", "Contact-Manager.csproj", "{47263D6C-AB7F-4DED-9A25-5680A600DC1B}"
EndProject
Global
	GlobalSection(SolutionConfigurationPlatforms) = preSolution
		Debug|Any CPU = Debug|Any CPU
		Release|Any CPU = Release|Any CPU
	EndGlobalSection
	GlobalSection(ProjectConfigurationPlatforms) = postSolution
		{47263D6C-AB7F-4DED-9A25-5680A600DC1B}.Debug|Any CPU.ActiveCfg = Debug|Any CPU
		{47263D6C-AB7F-4DED-9A25-5680A600DC1B}.Debug|Any CPU.Build.0 = Debug|Any CPU
		{47263D6C-AB7F-4DED-9A25-5680A600DC1B}.Release|Any CPU.ActiveCfg = Release|Any CPU
		{47263D6C-AB7F-4DED-9A25-5680A600DC1B}.Release|Any CPU.Build.0 = Release|Any CPU
	EndGlobalSection
	GlobalSection(SolutionProperties) = preSolution
		HideSolutionNode = FALSE
	EndGlobalSection
	GlobalSection(ExtensibilityGlobals) = postSolution
		SolutionGuid = {79AB00D6-564C-4C5A-A615-73650B7378C1}
	EndGlobalSection
EndGlobal
